
Microsoft Visual Studio Solution File, Format Version 12.00
# Visual Studio Version 17
VisualStudioVersion = 17.11.35327.3
MinimumVisualStudioVersion = 10.0.40219.1
Project("{FAE04EC0-301F-11D3-BF4B-00C04F79EFBC}") = "CoralClient", "CoralClient.csproj", "{5B1E5ED2-8D1D-483C-B559-A7E24B313080}"
EndProject
Project("{FAE04EC0-301F-11D3-BF4B-00C04F79EFBC}") = "DataAssets", "DataAssets\DataAssets.csproj", "{8C101481-F720-4D60-B4B7-7F890CBC5BAB}"
EndProject
Project("{2150E333-8FDC-42A3-9474-1A3956D46DE8}") = "Deployment", "Deployment", "{642FB895-989F-4430-9E40-5130C9864330}"
	ProjectSection(SolutionItems) = preProject
		DeployDatabase.sql = DeployDatabase.sql
		DeployFrontEnd.sh = DeployFrontEnd.sh
	EndProjectSection
EndProject
Global
	GlobalSection(SolutionConfigurationPlatforms) = preSolution
		Debug|Any CPU = Debug|Any CPU
		Release|Any CPU = Release|Any CPU
	EndGlobalSection
	GlobalSection(ProjectConfigurationPlatforms) = postSolution
		{5B1E5ED2-8D1D-483C-B559-A7E24B313080}.Debug|Any CPU.ActiveCfg = Debug|Any CPU
		{5B1E5ED2-8D1D-483C-B559-A7E24B313080}.Debug|Any CPU.Build.0 = Debug|Any CPU
		{5B1E5ED2-8D1D-483C-B559-A7E24B313080}.Release|Any CPU.ActiveCfg = Release|Any CPU
		{5B1E5ED2-8D1D-483C-B559-A7E24B313080}.Release|Any CPU.Build.0 = Release|Any CPU
		{8C101481-F720-4D60-B4B7-7F890CBC5BAB}.Debug|Any CPU.ActiveCfg = Debug|Any CPU
		{8C101481-F720-4D60-B4B7-7F890CBC5BAB}.Debug|Any CPU.Build.0 = Debug|Any CPU
		{8C101481-F720-4D60-B4B7-7F890CBC5BAB}.Release|Any CPU.ActiveCfg = Release|Any CPU
		{8C101481-F720-4D60-B4B7-7F890CBC5BAB}.Release|Any CPU.Build.0 = Release|Any CPU
	EndGlobalSection
	GlobalSection(SolutionProperties) = preSolution
		HideSolutionNode = FALSE
	EndGlobalSection
	GlobalSection(ExtensibilityGlobals) = postSolution
		SolutionGuid = {F88F19DF-2E77-424E-89D7-0CA97A48DA22}
	EndGlobalSection
EndGlobal
